
Microsoft Visual Studio Solution File, Format Version 12.00
# Visual Studio Version 17
VisualStudioVersion = 17.7.34031.279
MinimumVisualStudioVersion = 10.0.40219.1
Project("{FAE04EC0-301F-11D3-BF4B-00C04F79EFBC}") = "A3DPDF.UI", "A3DPDF\A3DPDF.UI.csproj", "{8AA00C71-735F-4652-9488-6AF8B4D54B2C}"
EndProject
Project("{FAE04EC0-301F-11D3-BF4B-00C04F79EFBC}") = "A3DPDF.Core", "A3DPDF.Core\A3DPDF.Core.csproj", "{40E4AB4F-D61B-4FDD-B483-41E52FDDE0A5}"
EndProject
Global
	GlobalSection(SolutionConfigurationPlatforms) = preSolution
		Debug|Any CPU = Debug|Any CPU
		Release|Any CPU = Release|Any CPU
	EndGlobalSection
	GlobalSection(ProjectConfigurationPlatforms) = postSolution
		{8AA00C71-735F-4652-9488-6AF8B4D54B2C}.Debug|Any CPU.ActiveCfg = Debug|Any CPU
		{8AA00C71-735F-4652-9488-6AF8B4D54B2C}.Debug|Any CPU.Build.0 = Debug|Any CPU
		{8AA00C71-735F-4652-9488-6AF8B4D54B2C}.Release|Any CPU.ActiveCfg = Release|Any CPU
		{8AA00C71-735F-4652-9488-6AF8B4D54B2C}.Release|Any CPU.Build.0 = Release|Any CPU
		{40E4AB4F-D61B-4FDD-B483-41E52FDDE0A5}.Debug|Any CPU.ActiveCfg = Debug|Any CPU
		{40E4AB4F-D61B-4FDD-B483-41E52FDDE0A5}.Debug|Any CPU.Build.0 = Debug|Any CPU
		{40E4AB4F-D61B-4FDD-B483-41E52FDDE0A5}.Release|Any CPU.ActiveCfg = Release|Any CPU
		{40E4AB4F-D61B-4FDD-B483-41E52FDDE0A5}.Release|Any CPU.Build.0 = Release|Any CPU
	EndGlobalSection
	GlobalSection(SolutionProperties) = preSolution
		HideSolutionNode = FALSE
	EndGlobalSection
	GlobalSection(ExtensibilityGlobals) = postSolution
		SolutionGuid = {6E44360D-1BEB-48E8-B33C-9A2622417E6D}
	EndGlobalSection
EndGlobal
